// !$*UTF8*$!
{
	archiveVersion = 1;
	classes = {
	};
	objectVersion = 56;
	objects = {

/* Begin PBXBuildFile section */
		689DEA94295197300061A10D /* CacheManager.swift in Sources */ = {isa = PBXBuildFile; fileRef = 689DEA93295197300061A10D /* CacheManager.swift */; };
		689DEA962951E2C10061A10D /* DetailViewController.swift in Sources */ = {isa = PBXBuildFile; fileRef = 689DEA952951E2C10061A10D /* DetailViewController.swift */; };
		68ED2EE0294B63B400BC45C1 /* AppDelegate.swift in Sources */ = {isa = PBXBuildFile; fileRef = 68ED2EDF294B63B400BC45C1 /* AppDelegate.swift */; };
		68ED2EE2294B63B400BC45C1 /* SceneDelegate.swift in Sources */ = {isa = PBXBuildFile; fileRef = 68ED2EE1294B63B400BC45C1 /* SceneDelegate.swift */; };
		68ED2EE4294B63B400BC45C1 /* ViewController.swift in Sources */ = {isa = PBXBuildFile; fileRef = 68ED2EE3294B63B400BC45C1 /* ViewController.swift */; };
		68ED2EE7294B63B400BC45C1 /* Main.storyboard in Resources */ = {isa = PBXBuildFile; fileRef = 68ED2EE5294B63B400BC45C1 /* Main.storyboard */; };
		68ED2EE9294B63B500BC45C1 /* Assets.xcassets in Resources */ = {isa = PBXBuildFile; fileRef = 68ED2EE8294B63B500BC45C1 /* Assets.xcassets */; };
		68ED2EEC294B63B500BC45C1 /* LaunchScreen.storyboard in Resources */ = {isa = PBXBuildFile; fileRef = 68ED2EEA294B63B500BC45C1 /* LaunchScreen.storyboard */; };
		68ED2EF4294DBA2000BC45C1 /* Constants.swift in Sources */ = {isa = PBXBuildFile; fileRef = 68ED2EF3294DBA2000BC45C1 /* Constants.swift */; };
		68ED2EF6294DBF2700BC45C1 /* Video.swift in Sources */ = {isa = PBXBuildFile; fileRef = 68ED2EF5294DBF2700BC45C1 /* Video.swift */; };
		68ED2EF8294DBF9B00BC45C1 /* Model.swift in Sources */ = {isa = PBXBuildFile; fileRef = 68ED2EF7294DBF9B00BC45C1 /* Model.swift */; };
		68ED2EFA294DCA1100BC45C1 /* ConstantsTempate.swift in Sources */ = {isa = PBXBuildFile; fileRef = 68ED2EF9294DCA1100BC45C1 /* ConstantsTempate.swift */; };
		68ED2EFC294E0BE000BC45C1 /* Response.swift in Sources */ = {isa = PBXBuildFile; fileRef = 68ED2EFB294E0BE000BC45C1 /* Response.swift */; };
		68ED2EFE2950A94400BC45C1 /* VideoTableViewCell.swift in Sources */ = {isa = PBXBuildFile; fileRef = 68ED2EFD2950A94400BC45C1 /* VideoTableViewCell.swift */; };
/* End PBXBuildFile section */

/* Begin PBXFileReference section */
		689DEA93295197300061A10D /* CacheManager.swift */ = {isa = PBXFileReference; lastKnownFileType = sourcecode.swift; path = CacheManager.swift; sourceTree = "<group>"; };
		689DEA952951E2C10061A10D /* DetailViewController.swift */ = {isa = PBXFileReference; lastKnownFileType = sourcecode.swift; path = DetailViewController.swift; sourceTree = "<group>"; };
		68ED2EDC294B63B400BC45C1 /* YoutubeLight.app */ = {isa = PBXFileReference; explicitFileType = wrapper.application; includeInIndex = 0; path = YoutubeLight.app; sourceTree = BUILT_PRODUCTS_DIR; };
		68ED2EDF294B63B400BC45C1 /* AppDelegate.swift */ = {isa = PBXFileReference; lastKnownFileType = sourcecode.swift; path = AppDelegate.swift; sourceTree = "<group>"; };
		68ED2EE1294B63B400BC45C1 /* SceneDelegate.swift */ = {isa = PBXFileReference; lastKnownFileType = sourcecode.swift; path = SceneDelegate.swift; sourceTree = "<group>"; };
		68ED2EE3294B63B400BC45C1 /* ViewController.swift */ = {isa = PBXFileReference; lastKnownFileType = sourcecode.swift; path = ViewController.swift; sourceTree = "<group>"; };
		68ED2EE6294B63B400BC45C1 /* Base */ = {isa = PBXFileReference; lastKnownFileType = file.storyboard; name = Base; path = Base.lproj/Main.storyboard; sourceTree = "<group>"; };
		68ED2EE8294B63B500BC45C1 /* Assets.xcassets */ = {isa = PBXFileReference; lastKnownFileType = folder.assetcatalog; path = Assets.xcassets; sourceTree = "<group>"; };
		68ED2EEB294B63B500BC45C1 /* Base */ = {isa = PBXFileReference; lastKnownFileType = file.storyboard; name = Base; path = Base.lproj/LaunchScreen.storyboard; sourceTree = "<group>"; };
		68ED2EED294B63B500BC45C1 /* Info.plist */ = {isa = PBXFileReference; lastKnownFileType = text.plist.xml; path = Info.plist; sourceTree = "<group>"; };
		68ED2EF3294DBA2000BC45C1 /* Constants.swift */ = {isa = PBXFileReference; lastKnownFileType = sourcecode.swift; path = Constants.swift; sourceTree = "<group>"; };
		68ED2EF5294DBF2700BC45C1 /* Video.swift */ = {isa = PBXFileReference; lastKnownFileType = sourcecode.swift; path = Video.swift; sourceTree = "<group>"; };
		68ED2EF7294DBF9B00BC45C1 /* Model.swift */ = {isa = PBXFileReference; lastKnownFileType = sourcecode.swift; path = Model.swift; sourceTree = "<group>"; };
		68ED2EF9294DCA1100BC45C1 /* ConstantsTempate.swift */ = {isa = PBXFileReference; lastKnownFileType = sourcecode.swift; path = ConstantsTempate.swift; sourceTree = "<group>"; };
		68ED2EFB294E0BE000BC45C1 /* Response.swift */ = {isa = PBXFileReference; lastKnownFileType = sourcecode.swift; path = Response.swift; sourceTree = "<group>"; };
		68ED2EFD2950A94400BC45C1 /* VideoTableViewCell.swift */ = {isa = PBXFileReference; lastKnownFileType = sourcecode.swift; path = VideoTableViewCell.swift; sourceTree = "<group>"; };
/* End PBXFileReference section */

/* Begin PBXFrameworksBuildPhase section */
		68ED2ED9294B63B400BC45C1 /* Frameworks */ = {
			isa = PBXFrameworksBuildPhase;
			buildActionMask = 2147483647;
			files = (
			);
			runOnlyForDeploymentPostprocessing = 0;
		};
/* End PBXFrameworksBuildPhase section */

/* Begin PBXGroup section */
		68ED2ED3294B63B400BC45C1 = {
			isa = PBXGroup;
			children = (
				68ED2EDE294B63B400BC45C1 /* YoutubeLight */,
				68ED2EDD294B63B400BC45C1 /* Products */,
			);
			sourceTree = "<group>";
		};
		68ED2EDD294B63B400BC45C1 /* Products */ = {
			isa = PBXGroup;
			children = (
				68ED2EDC294B63B400BC45C1 /* YoutubeLight.app */,
			);
			name = Products;
			sourceTree = "<group>";
		};
		68ED2EDE294B63B400BC45C1 /* YoutubeLight */ = {
			isa = PBXGroup;
			children = (
				68ED2EDF294B63B400BC45C1 /* AppDelegate.swift */,
				68ED2EE1294B63B400BC45C1 /* SceneDelegate.swift */,
				68ED2F032950A9F400BC45C1 /* Helpers */,
				68ED2F022950A9E200BC45C1 /* Storyboards */,
				68ED2F012950A99C00BC45C1 /* Models */,
				68ED2EFF2950A97C00BC45C1 /* View Controllers */,
				68ED2F002950A99100BC45C1 /* Views */,
				68ED2EE8294B63B500BC45C1 /* Assets.xcassets */,
				68ED2EED294B63B500BC45C1 /* Info.plist */,
			);
			path = YoutubeLight;
			sourceTree = "<group>";
		};
		68ED2EFF2950A97C00BC45C1 /* View Controllers */ = {
			isa = PBXGroup;
			children = (
				68ED2EE3294B63B400BC45C1 /* ViewController.swift */,
				689DEA952951E2C10061A10D /* DetailViewController.swift */,
			);
			path = "View Controllers";
			sourceTree = "<group>";
		};
		68ED2F002950A99100BC45C1 /* Views */ = {
			isa = PBXGroup;
			children = (
				68ED2EFD2950A94400BC45C1 /* VideoTableViewCell.swift */,
			);
			path = Views;
			sourceTree = "<group>";
		};
		68ED2F012950A99C00BC45C1 /* Models */ = {
			isa = PBXGroup;
			children = (
				68ED2EFB294E0BE000BC45C1 /* Response.swift */,
				68ED2EF5294DBF2700BC45C1 /* Video.swift */,
				68ED2EF7294DBF9B00BC45C1 /* Model.swift */,
			);
			path = Models;
			sourceTree = "<group>";
		};
		68ED2F022950A9E200BC45C1 /* Storyboards */ = {
			isa = PBXGroup;
			children = (
				68ED2EE5294B63B400BC45C1 /* Main.storyboard */,
				68ED2EEA294B63B500BC45C1 /* LaunchScreen.storyboard */,
			);
			path = Storyboards;
			sourceTree = "<group>";
		};
		68ED2F032950A9F400BC45C1 /* Helpers */ = {
			isa = PBXGroup;
			children = (
				68ED2EF3294DBA2000BC45C1 /* Constants.swift */,
				68ED2EF9294DCA1100BC45C1 /* ConstantsTempate.swift */,
				689DEA93295197300061A10D /* CacheManager.swift */,
			);
			path = Helpers;
			sourceTree = "<group>";
		};
/* End PBXGroup section */

/* Begin PBXNativeTarget section */
		68ED2EDB294B63B400BC45C1 /* YoutubeLight */ = {
			isa = PBXNativeTarget;
			buildConfigurationList = 68ED2EF0294B63B500BC45C1 /* Build configuration list for PBXNativeTarget "YoutubeLight" */;
			buildPhases = (
				68ED2ED8294B63B400BC45C1 /* Sources */,
				68ED2ED9294B63B400BC45C1 /* Frameworks */,
				68ED2EDA294B63B400BC45C1 /* Resources */,
			);
			buildRules = (
			);
			dependencies = (
			);
			name = YoutubeLight;
			productName = YoutubeLight;
			productReference = 68ED2EDC294B63B400BC45C1 /* YoutubeLight.app */;
			productType = "com.apple.product-type.application";
		};
/* End PBXNativeTarget section */

/* Begin PBXProject section */
		68ED2ED4294B63B400BC45C1 /* Project object */ = {
			isa = PBXProject;
			attributes = {
				BuildIndependentTargetsInParallel = 1;
				LastSwiftUpdateCheck = 1420;
				LastUpgradeCheck = 1420;
				TargetAttributes = {
					68ED2EDB294B63B400BC45C1 = {
						CreatedOnToolsVersion = 14.2;
					};
				};
			};
			buildConfigurationList = 68ED2ED7294B63B400BC45C1 /* Build configuration list for PBXProject "YoutubeLight" */;
			compatibilityVersion = "Xcode 14.0";
			developmentRegion = en;
			hasScannedForEncodings = 0;
			knownRegions = (
				en,
				Base,
			);
			mainGroup = 68ED2ED3294B63B400BC45C1;
			productRefGroup = 68ED2EDD294B63B400BC45C1 /* Products */;
			projectDirPath = "";
			projectRoot = "";
			targets = (
				68ED2EDB294B63B400BC45C1 /* YoutubeLight */,
			);
		};
/* End PBXProject section */

/* Begin PBXResourcesBuildPhase section */
		68ED2EDA294B63B400BC45C1 /* Resources */ = {
			isa = PBXResourcesBuildPhase;
			buildActionMask = 2147483647;
			files = (
				68ED2EEC294B63B500BC45C1 /* LaunchScreen.storyboard in Resources */,
				68ED2EE9294B63B500BC45C1 /* Assets.xcassets in Resources */,
				68ED2EE7294B63B400BC45C1 /* Main.storyboard in Resources */,
			);
			runOnlyForDeploymentPostprocessing = 0;
		};
/* End PBXResourcesBuildPhase section */

/* Begin PBXSourcesBuildPhase section */
		68ED2ED8294B63B400BC45C1 /* Sources */ = {
			isa = PBXSourcesBuildPhase;
			buildActionMask = 2147483647;
			files = (
				689DEA962951E2C10061A10D /* DetailViewController.swift in Sources */,
				68ED2EFC294E0BE000BC45C1 /* Response.swift in Sources */,
				68ED2EE4294B63B400BC45C1 /* ViewController.swift in Sources */,
				68ED2EFA294DCA1100BC45C1 /* ConstantsTempate.swift in Sources */,
				68ED2EE0294B63B400BC45C1 /* AppDelegate.swift in Sources */,
				68ED2EE2294B63B400BC45C1 /* SceneDelegate.swift in Sources */,
				68ED2EF8294DBF9B00BC45C1 /* Model.swift in Sources */,
				689DEA94295197300061A10D /* CacheManager.swift in Sources */,
				68ED2EF4294DBA2000BC45C1 /* Constants.swift in Sources */,
				68ED2EF6294DBF2700BC45C1 /* Video.swift in Sources */,
				68ED2EFE2950A94400BC45C1 /* VideoTableViewCell.swift in Sources */,
			);
			runOnlyForDeploymentPostprocessing = 0;
		};
/* End PBXSourcesBuildPhase section */

/* Begin PBXVariantGroup section */
		68ED2EE5294B63B400BC45C1 /* Main.storyboard */ = {
			isa = PBXVariantGroup;
			children = (
				68ED2EE6294B63B400BC45C1 /* Base */,
			);
			name = Main.storyboard;
			sourceTree = "<group>";
		};
		68ED2EEA294B63B500BC45C1 /* LaunchScreen.storyboard */ = {
			isa = PBXVariantGroup;
			children = (
				68ED2EEB294B63B500BC45C1 /* Base */,
			);
			name = LaunchScreen.storyboard;
			sourceTree = "<group>";
		};
/* End PBXVariantGroup section */

/* Begin XCBuildConfiguration section */
		68ED2EEE294B63B500BC45C1 /* Debug */ = {
			isa = XCBuildConfiguration;
			buildSettings = {
				ALWAYS_SEARCH_USER_PATHS = NO;
				CLANG_ANALYZER_NONNULL = YES;
				CLANG_ANALYZER_NUMBER_OBJECT_CONVERSION = YES_AGGRESSIVE;
				CLANG_CXX_LANGUAGE_STANDARD = "gnu++20";
				CLANG_ENABLE_MODULES = YES;
				CLANG_ENABLE_OBJC_ARC = YES;
				CLANG_ENABLE_OBJC_WEAK = YES;
				CLANG_WARN_BLOCK_CAPTURE_AUTORELEASING = YES;
				CLANG_WARN_BOOL_CONVERSION = YES;
				CLANG_WARN_COMMA = YES;
				CLANG_WARN_CONSTANT_CONVERSION = YES;
				CLANG_WARN_DEPRECATED_OBJC_IMPLEMENTATIONS = YES;
				CLANG_WARN_DIRECT_OBJC_ISA_USAGE = YES_ERROR;
				CLANG_WARN_DOCUMENTATION_COMMENTS = YES;
				CLANG_WARN_EMPTY_BODY = YES;
				CLANG_WARN_ENUM_CONVERSION = YES;
				CLANG_WARN_INFINITE_RECURSION = YES;
				CLANG_WARN_INT_CONVERSION = YES;
				CLANG_WARN_NON_LITERAL_NULL_CONVERSION = YES;
				CLANG_WARN_OBJC_IMPLICIT_RETAIN_SELF = YES;
				CLANG_WARN_OBJC_LITERAL_CONVERSION = YES;
				CLANG_WARN_OBJC_ROOT_CLASS = YES_ERROR;
				CLANG_WARN_QUOTED_INCLUDE_IN_FRAMEWORK_HEADER = YES;
				CLANG_WARN_RANGE_LOOP_ANALYSIS = YES;
				CLANG_WARN_STRICT_PROTOTYPES = YES;
				CLANG_WARN_SUSPICIOUS_MOVE = YES;
				CLANG_WARN_UNGUARDED_AVAILABILITY = YES_AGGRESSIVE;
				CLANG_WARN_UNREACHABLE_CODE = YES;
				CLANG_WARN__DUPLICATE_METHOD_MATCH = YES;
				COPY_PHASE_STRIP = NO;
				DEBUG_INFORMATION_FORMAT = dwarf;
				ENABLE_STRICT_OBJC_MSGSEND = YES;
				ENABLE_TESTABILITY = YES;
				GCC_C_LANGUAGE_STANDARD = gnu11;
				GCC_DYNAMIC_NO_PIC = NO;
				GCC_NO_COMMON_BLOCKS = YES;
				GCC_OPTIMIZATION_LEVEL = 0;
				GCC_PREPROCESSOR_DEFINITIONS = (
					"DEBUG=1",
					"$(inherited)",
				);
				GCC_WARN_64_TO_32_BIT_CONVERSION = YES;
				GCC_WARN_ABOUT_RETURN_TYPE = YES_ERROR;
				GCC_WARN_UNDECLARED_SELECTOR = YES;
				GCC_WARN_UNINITIALIZED_AUTOS = YES_AGGRESSIVE;
				GCC_WARN_UNUSED_FUNCTION = YES;
				GCC_WARN_UNUSED_VARIABLE = YES;
				IPHONEOS_DEPLOYMENT_TARGET = 16.2;
				MTL_ENABLE_DEBUG_INFO = INCLUDE_SOURCE;
				MTL_FAST_MATH = YES;
				ONLY_ACTIVE_ARCH = YES;
				SDKROOT = iphoneos;
				SWIFT_ACTIVE_COMPILATION_CONDITIONS = DEBUG;
				SWIFT_OPTIMIZATION_LEVEL = "-Onone";
			};
			name = Debug;
		};
		68ED2EEF294B63B500BC45C1 /* Release */ = {
			isa = XCBuildConfiguration;
			buildSettings = {
				ALWAYS_SEARCH_USER_PATHS = NO;
				CLANG_ANALYZER_NONNULL = YES;
				CLANG_ANALYZER_NUMBER_OBJECT_CONVERSION = YES_AGGRESSIVE;
				CLANG_CXX_LANGUAGE_STANDARD = "gnu++20";
				CLANG_ENABLE_MODULES = YES;
				CLANG_ENABLE_OBJC_ARC = YES;
				CLANG_ENABLE_OBJC_WEAK = YES;
				CLANG_WARN_BLOCK_CAPTURE_AUTORELEASING = YES;
				CLANG_WARN_BOOL_CONVERSION = YES;
				CLANG_WARN_COMMA = YES;
				CLANG_WARN_CONSTANT_CONVERSION = YES;
				CLANG_WARN_DEPRECATED_OBJC_IMPLEMENTATIONS = YES;
				CLANG_WARN_DIRECT_OBJC_ISA_USAGE = YES_ERROR;
				CLANG_WARN_DOCUMENTATION_COMMENTS = YES;
				CLANG_WARN_EMPTY_BODY = YES;
				CLANG_WARN_ENUM_CONVERSION = YES;
				CLANG_WARN_INFINITE_RECURSION = YES;
				CLANG_WARN_INT_CONVERSION = YES;
				CLANG_WARN_NON_LITERAL_NULL_CONVERSION = YES;
				CLANG_WARN_OBJC_IMPLICIT_RETAIN_SELF = YES;
				CLANG_WARN_OBJC_LITERAL_CONVERSION = YES;
				CLANG_WARN_OBJC_ROOT_CLASS = YES_ERROR;
				CLANG_WARN_QUOTED_INCLUDE_IN_FRAMEWORK_HEADER = YES;
				CLANG_WARN_RANGE_LOOP_ANALYSIS = YES;
				CLANG_WARN_STRICT_PROTOTYPES = YES;
				CLANG_WARN_SUSPICIOUS_MOVE = YES;
				CLANG_WARN_UNGUARDED_AVAILABILITY = YES_AGGRESSIVE;
				CLANG_WARN_UNREACHABLE_CODE = YES;
				CLANG_WARN__DUPLICATE_METHOD_MATCH = YES;
				COPY_PHASE_STRIP = NO;
				DEBUG_INFORMATION_FORMAT = "dwarf-with-dsym";
				ENABLE_NS_ASSERTIONS = NO;
				ENABLE_STRICT_OBJC_MSGSEND = YES;
				GCC_C_LANGUAGE_STANDARD = gnu11;
				GCC_NO_COMMON_BLOCKS = YES;
				GCC_WARN_64_TO_32_BIT_CONVERSION = YES;
				GCC_WARN_ABOUT_RETURN_TYPE = YES_ERROR;
				GCC_WARN_UNDECLARED_SELECTOR = YES;
				GCC_WARN_UNINITIALIZED_AUTOS = YES_AGGRESSIVE;
				GCC_WARN_UNUSED_FUNCTION = YES;
				GCC_WARN_UNUSED_VARIABLE = YES;
				IPHONEOS_DEPLOYMENT_TARGET = 16.2;
				MTL_ENABLE_DEBUG_INFO = NO;
				MTL_FAST_MATH = YES;
				SDKROOT = iphoneos;
				SWIFT_COMPILATION_MODE = wholemodule;
				SWIFT_OPTIMIZATION_LEVEL = "-O";
				VALIDATE_PRODUCT = YES;
			};
			name = Release;
		};
		68ED2EF1294B63B500BC45C1 /* Debug */ = {
			isa = XCBuildConfiguration;
			buildSettings = {
				ASSETCATALOG_COMPILER_APPICON_NAME = AppIcon;
				ASSETCATALOG_COMPILER_GLOBAL_ACCENT_COLOR_NAME = AccentColor;
				CODE_SIGN_STYLE = Automatic;
				CURRENT_PROJECT_VERSION = 1;
				GENERATE_INFOPLIST_FILE = YES;
				INFOPLIST_FILE = YoutubeLight/Info.plist;
				INFOPLIST_KEY_UIApplicationSupportsIndirectInputEvents = YES;
				INFOPLIST_KEY_UILaunchStoryboardName = LaunchScreen;
				INFOPLIST_KEY_UIMainStoryboardFile = Main;
				INFOPLIST_KEY_UISupportedInterfaceOrientations_iPad = "UIInterfaceOrientationPortrait UIInterfaceOrientationPortraitUpsideDown UIInterfaceOrientationLandscapeLeft UIInterfaceOrientationLandscapeRight";
				INFOPLIST_KEY_UISupportedInterfaceOrientations_iPhone = "UIInterfaceOrientationPortrait UIInterfaceOrientationLandscapeLeft UIInterfaceOrientationLandscapeRight";
				LD_RUNPATH_SEARCH_PATHS = (
					"$(inherited)",
					"@executable_path/Frameworks",
				);
				MARKETING_VERSION = 1.0;
				PRODUCT_BUNDLE_IDENTIFIER = "K.K.-Inc.YoutubeLight";
				PRODUCT_NAME = "$(TARGET_NAME)";
				SUPPORTED_PLATFORMS = "iphoneos iphonesimulator";
				SUPPORTS_MACCATALYST = NO;
				SUPPORTS_MAC_DESIGNED_FOR_IPHONE_IPAD = NO;
				SWIFT_EMIT_LOC_STRINGS = YES;
				SWIFT_VERSION = 5.0;
				TARGETED_DEVICE_FAMILY = "1,2";
			};
			name = Debug;
		};
		68ED2EF2294B63B500BC45C1 /* Release */ = {
			isa = XCBuildConfiguration;
			buildSettings = {
				ASSETCATALOG_COMPILER_APPICON_NAME = AppIcon;
				ASSETCATALOG_COMPILER_GLOBAL_ACCENT_COLOR_NAME = AccentColor;
				CODE_SIGN_STYLE = Automatic;
				CURRENT_PROJECT_VERSION = 1;
				GENERATE_INFOPLIST_FILE = YES;
				INFOPLIST_FILE = YoutubeLight/Info.plist;
				INFOPLIST_KEY_UIApplicationSupportsIndirectInputEvents = YES;
				INFOPLIST_KEY_UILaunchStoryboardName = LaunchScreen;
				INFOPLIST_KEY_UIMainStoryboardFile = Main;
				INFOPLIST_KEY_UISupportedInterfaceOrientations_iPad = "UIInterfaceOrientationPortrait UIInterfaceOrientationPortraitUpsideDown UIInterfaceOrientationLandscapeLeft UIInterfaceOrientationLandscapeRight";
				INFOPLIST_KEY_UISupportedInterfaceOrientations_iPhone = "UIInterfaceOrientationPortrait UIInterfaceOrientationLandscapeLeft UIInterfaceOrientationLandscapeRight";
				LD_RUNPATH_SEARCH_PATHS = (
					"$(inherited)",
					"@executable_path/Frameworks",
				);
				MARKETING_VERSION = 1.0;
				PRODUCT_BUNDLE_IDENTIFIER = "K.K.-Inc.YoutubeLight";
				PRODUCT_NAME = "$(TARGET_NAME)";
				SUPPORTED_PLATFORMS = "iphoneos iphonesimulator";
				SUPPORTS_MACCATALYST = NO;
				SUPPORTS_MAC_DESIGNED_FOR_IPHONE_IPAD = NO;
				SWIFT_EMIT_LOC_STRINGS = YES;
				SWIFT_VERSION = 5.0;
				TARGETED_DEVICE_FAMILY = "1,2";
			};
			name = Release;
		};
/* End XCBuildConfiguration section */

/* Begin XCConfigurationList section */
		68ED2ED7294B63B400BC45C1 /* Build configuration list for PBXProject "YoutubeLight" */ = {
			isa = XCConfigurationList;
			buildConfigurations = (
				68ED2EEE294B63B500BC45C1 /* Debug */,
				68ED2EEF294B63B500BC45C1 /* Release */,
			);
			defaultConfigurationIsVisible = 0;
			defaultConfigurationName = Release;
		};
		68ED2EF0294B63B500BC45C1 /* Build configuration list for PBXNativeTarget "YoutubeLight" */ = {
			isa = XCConfigurationList;
			buildConfigurations = (
				68ED2EF1294B63B500BC45C1 /* Debug */,
				68ED2EF2294B63B500BC45C1 /* Release */,
			);
			defaultConfigurationIsVisible = 0;
			defaultConfigurationName = Release;
		};
/* End XCConfigurationList section */
	};
	rootObject = 68ED2ED4294B63B400BC45C1 /* Project object */;
}
